
Microsoft Visual Studio Solution File, Format Version 12.00
# Visual Studio Version 17
VisualStudioVersion = 17.8.34525.116
MinimumVisualStudioVersion = 10.0.40219.1
Project("{FAE04EC0-301F-11D3-BF4B-00C04F79EFBC}") = "StateInfoSearch", "StateInfoSearch\StateInfoSearch.csproj", "{CC0D6B43-D774-4670-8DF4-C9030A728ECC}"
EndProject
Project("{FAE04EC0-301F-11D3-BF4B-00C04F79EFBC}") = "SearchLibrary2", "SearchLibrary2\SearchLibrary2.csproj", "{8197A1B8-321A-456D-8CBB-FA2406E64400}"
EndProject
Global
	GlobalSection(SolutionConfigurationPlatforms) = preSolution
		Debug|Any CPU = Debug|Any CPU
		Release|Any CPU = Release|Any CPU
	EndGlobalSection
	GlobalSection(ProjectConfigurationPlatforms) = postSolution
		{CC0D6B43-D774-4670-8DF4-C9030A728ECC}.Debug|Any CPU.ActiveCfg = Debug|Any CPU
		{CC0D6B43-D774-4670-8DF4-C9030A728ECC}.Debug|Any CPU.Build.0 = Debug|Any CPU
		{CC0D6B43-D774-4670-8DF4-C9030A728ECC}.Release|Any CPU.ActiveCfg = Release|Any CPU
		{CC0D6B43-D774-4670-8DF4-C9030A728ECC}.Release|Any CPU.Build.0 = Release|Any CPU
		{8197A1B8-321A-456D-8CBB-FA2406E64400}.Debug|Any CPU.ActiveCfg = Debug|Any CPU
		{8197A1B8-321A-456D-8CBB-FA2406E64400}.Debug|Any CPU.Build.0 = Debug|Any CPU
		{8197A1B8-321A-456D-8CBB-FA2406E64400}.Release|Any CPU.ActiveCfg = Release|Any CPU
		{8197A1B8-321A-456D-8CBB-FA2406E64400}.Release|Any CPU.Build.0 = Release|Any CPU
	EndGlobalSection
	GlobalSection(SolutionProperties) = preSolution
		HideSolutionNode = FALSE
	EndGlobalSection
	GlobalSection(ExtensibilityGlobals) = postSolution
		SolutionGuid = {218A4EBE-9669-439E-B38A-8B3C522BAD76}
	EndGlobalSection
EndGlobal
